{
  "version": 4,
  "terraform_version": "0.14.7",
  "serial": 138,
  "lineage": "522718c0-e257-c553-5830-732d13d18ed7",
  "outputs": {
    "password": {
      "value": "wcFMA7UgUFRrykrNARAAe3LMHPVnm2SPcpZPiTmL6o/YQ4OKaC9gQTWvhW7aoFq7tilX4wRHbWfFTh/sVmtdkAQz2dhZgZjowrfcW7Do3qU+wd9UxJqTc6WM5+qJkeLquf+qqvkgBHybtYtVDgkv8Gjqh7yONWiRprZ9AaPQvaT4Ojkd7f1AQUYTJ2PASgoHqWXb5dxxwJ78BiIedPkJBsB7qENYNCIY4mWUM+5mPhcb7xQ3zxEEs00EMus1uMje24CvnLEyIXUOeEXT6/zNk12lpwR4CNXmmni2Yan86kjGpnXsUAbXuAjIeg0MpSC4coQ04JA8Lgdg49a9A++arPQwh8A7NQ069tNV/zx+xxJ1oDpV+TtpRHkTEbfcmqx0QNaM/buLjnLdAmkDGYOv+QexwPzYslLqcQiMr+mqF4+aL9KnIZhsTdZYpS/rQV95qFOrAR+HzxHxqyNiwJFCgcqlBmMKO615s77lYqyazVsWK1ob14IAHVNCWNMGHtJANrrSVSE+qaFmo1M2O0S2/RYnPOYSyYHUxsMVSZaAZ0JxLA0yjOLJfXWRGkAj2wfm7ogPbxu7ihkvQ3PliWjCEhtsmesl2i7Yu8CFj6gEw8oY7eOHQaAQ/l/Slrw2zGlnd7jgVn8KnJ2wWfrw4Jg9DTwviJXjey5Ez77fIt1Ulh62serYn0TLmiomDj+CKLnS4AHkVGMLK7idvPD+B+a8dkkFEeGEQeAN4Cbhj1jg/+KB0wJV4EnkUJ8rgtYyWx9FxRvgFiJ6yOD+4it5cPLgleSQ0h3dRg27xpDXrvgpqJn84np/jenhJpwA",
      "type": "string"
    }
  },
  "resources": [
    {
      "mode": "managed",
      "type": "aws_iam_group",
      "name": "group",
      "provider": "provider[\"registry.terraform.io/hashicorp/aws\"]",
      "instances": [
        {
          "schema_version": 0,
          "attributes": {
            "arn": "arn:aws:iam::804494885500:group/stack-group",
            "id": "stack-group",
            "name": "stack-group",
            "path": "/",
            "unique_id": "AGPA3WT5BYJ6ORTFW6HYC"
          },
          "sensitive_attributes": [],
          "private": "bnVsbA=="
        }
      ]
    },
    {
      "mode": "managed",
      "type": "aws_iam_group_membership",
      "name": "team",
      "provider": "provider[\"registry.terraform.io/hashicorp/aws\"]",
      "instances": [
        {
          "schema_version": 0,
          "attributes": {
            "group": "stack-group",
            "id": "stack-group-membership",
            "name": "stack-group-membership",
            "users": [
              "stackuser1"
            ]
          },
          "sensitive_attributes": [],
          "private": "bnVsbA==",
          "dependencies": [
            "aws_iam_group.group",
            "aws_iam_user.user"
          ]
        }
      ]
    },
    {
      "mode": "managed",
      "type": "aws_iam_policy",
      "name": "policy",
      "provider": "provider[\"registry.terraform.io/hashicorp/aws\"]",
      "instances": [
        {
          "schema_version": 0,
          "attributes": {
            "arn": "arn:aws:iam::804494885500:policy/stack-iam_ec2_s3",
            "description": "A policy that gives iam, ec2, and s3 access",
            "id": "arn:aws:iam::804494885500:policy/stack-iam_ec2_s3",
            "name": "stack-iam_ec2_s3",
            "name_prefix": null,
            "path": "/",
            "policy": "{\r\n  \"Version\": \"2012-10-17\",\r\n  \"Statement\": [\r\n    {\r\n      \"Effect\": \"Allow\",\r\n      \"Action\": \"iam:*\",\r\n      \"Resource\": \"*\"\r\n    },\r\n    {\r\n      \"Effect\": \"Allow\",\r\n      \"Action\": \"s3:*\",\r\n      \"Resource\": \"*\"\r\n    },\r\n    { \r\n      \"Effect\": \"Allow\",\r\n      \"Action\": \"ec2:*\",\r\n      \"Resource\": \"*\"\r\n    }\r\n  ]\r\n}\r\n"
          },
          "sensitive_attributes": [],
          "private": "bnVsbA=="
        }
      ]
    },
    {
      "mode": "managed",
      "type": "aws_iam_policy_attachment",
      "name": "stack-attach",
      "provider": "provider[\"registry.terraform.io/hashicorp/aws\"]",
      "instances": [
        {
          "schema_version": 0,
          "attributes": {
            "groups": [
              "stack-group"
            ],
            "id": "stack-attachment",
            "name": "stack-attachment",
            "policy_arn": "arn:aws:iam::804494885500:policy/stack-iam_ec2_s3",
            "roles": null,
            "users": null
          },
          "sensitive_attributes": [],
          "private": "bnVsbA==",
          "dependencies": [
            "aws_iam_group.group",
            "aws_iam_policy.policy"
          ]
        }
      ]
    },
    {
      "mode": "managed",
      "type": "aws_iam_user",
      "name": "user",
      "provider": "provider[\"registry.terraform.io/hashicorp/aws\"]",
      "instances": [
        {
          "schema_version": 0,
          "attributes": {
            "arn": "arn:aws:iam::804494885500:user/stackuser1",
            "force_destroy": true,
            "id": "stackuser1",
            "name": "stackuser1",
            "path": "/",
            "permissions_boundary": "arn:aws:iam::aws:policy/AmazonS3FullAccess",
            "tags": null,
            "unique_id": "AIDA3WT5BYJ6FN62JJFZH"
          },
          "sensitive_attributes": [],
          "private": "bnVsbA=="
        }
      ]
    },
    {
      "mode": "managed",
      "type": "aws_iam_user_login_profile",
      "name": "log-prof",
      "provider": "provider[\"registry.terraform.io/hashicorp/aws\"]",
      "instances": [
        {
          "schema_version": 0,
          "attributes": {
            "encrypted_password": "wcFMA7UgUFRrykrNARAAe3LMHPVnm2SPcpZPiTmL6o/YQ4OKaC9gQTWvhW7aoFq7tilX4wRHbWfFTh/sVmtdkAQz2dhZgZjowrfcW7Do3qU+wd9UxJqTc6WM5+qJkeLquf+qqvkgBHybtYtVDgkv8Gjqh7yONWiRprZ9AaPQvaT4Ojkd7f1AQUYTJ2PASgoHqWXb5dxxwJ78BiIedPkJBsB7qENYNCIY4mWUM+5mPhcb7xQ3zxEEs00EMus1uMje24CvnLEyIXUOeEXT6/zNk12lpwR4CNXmmni2Yan86kjGpnXsUAbXuAjIeg0MpSC4coQ04JA8Lgdg49a9A++arPQwh8A7NQ069tNV/zx+xxJ1oDpV+TtpRHkTEbfcmqx0QNaM/buLjnLdAmkDGYOv+QexwPzYslLqcQiMr+mqF4+aL9KnIZhsTdZYpS/rQV95qFOrAR+HzxHxqyNiwJFCgcqlBmMKO615s77lYqyazVsWK1ob14IAHVNCWNMGHtJANrrSVSE+qaFmo1M2O0S2/RYnPOYSyYHUxsMVSZaAZ0JxLA0yjOLJfXWRGkAj2wfm7ogPbxu7ihkvQ3PliWjCEhtsmesl2i7Yu8CFj6gEw8oY7eOHQaAQ/l/Slrw2zGlnd7jgVn8KnJ2wWfrw4Jg9DTwviJXjey5Ez77fIt1Ulh62serYn0TLmiomDj+CKLnS4AHkVGMLK7idvPD+B+a8dkkFEeGEQeAN4Cbhj1jg/+KB0wJV4EnkUJ8rgtYyWx9FxRvgFiJ6yOD+4it5cPLgleSQ0h3dRg27xpDXrvgpqJn84np/jenhJpwA",
            "id": "stackuser1",
            "key_fingerprint": "1d1de9a55530cb5f62ad1f2adf797d3946f4608e",
            "password_length": 20,
            "password_reset_required": true,
            "pgp_key": "keybase:jovonjackson",
            "user": "stackuser1"
          },
          "sensitive_attributes": [],
          "private": "bnVsbA==",
          "dependencies": [
            "aws_iam_user.user"
          ]
        }
      ]
    }
  ]
}
